
Microsoft Visual Studio Solution File, Format Version 12.00
# Visual Studio 15
VisualStudioVersion = 15.0.26730.12
MinimumVisualStudioVersion = 10.0.40219.1
Project("{8BC9CEB8-8B4A-11D0-8D11-00A0C91BC942}") = "GradeAveraging", "GradeAveraging\GradeAveraging.vcxproj", "{3A226F13-839F-4E56-B658-A1B3E9696681}"
EndProject
Global
	GlobalSection(SolutionConfigurationPlatforms) = preSolution
		Debug|x64 = Debug|x64
		Debug|x86 = Debug|x86
		Release|x64 = Release|x64
		Release|x86 = Release|x86
	EndGlobalSection
	GlobalSection(ProjectConfigurationPlatforms) = postSolution
		{3A226F13-839F-4E56-B658-A1B3E9696681}.Debug|x64.ActiveCfg = Debug|x64
		{3A226F13-839F-4E56-B658-A1B3E9696681}.Debug|x64.Build.0 = Debug|x64
		{3A226F13-839F-4E56-B658-A1B3E9696681}.Debug|x86.ActiveCfg = Debug|Win32
		{3A226F13-839F-4E56-B658-A1B3E9696681}.Debug|x86.Build.0 = Debug|Win32
		{3A226F13-839F-4E56-B658-A1B3E9696681}.Release|x64.ActiveCfg = Release|x64
		{3A226F13-839F-4E56-B658-A1B3E9696681}.Release|x64.Build.0 = Release|x64
		{3A226F13-839F-4E56-B658-A1B3E9696681}.Release|x86.ActiveCfg = Release|Win32
		{3A226F13-839F-4E56-B658-A1B3E9696681}.Release|x86.Build.0 = Release|Win32
	EndGlobalSection
	GlobalSection(SolutionProperties) = preSolution
		HideSolutionNode = FALSE
	EndGlobalSection
	GlobalSection(ExtensibilityGlobals) = postSolution
		SolutionGuid = {E0354815-76B9-43BA-B6E0-802AAE57534F}
	EndGlobalSection
EndGlobal
